{
  "name": "prisma-extension-starter",
  "version": "1.0.0",
  "lockfileVersion": 2,
  "requires": true,
  "packages": {
    "": {
      "name": "simple-ext",
      "version": "1.0.0",
      "bundleDependencies": [
        "@prisma/client"
      ],
      "license": "ISC",
      "dependencies": {
        "@prisma/client": "4.9.0-integration-feat-client-ext-generic-type-api.17",
        "prisma": "4.9.0-integration-feat-client-ext-generic-type-api.17",
        "typescript": "^4.9.4"
      }
    },
    "node_modules/@prisma/client": {
      "version": "4.9.0-integration-feat-client-ext-generic-type-api.17",
      "resolved": "https://registry.npmjs.org/@prisma/client/-/client-4.9.0-integration-feat-client-ext-generic-type-api.17.tgz",
      "integrity": "sha512-iy4Hq1++8iDrHB1pMGjnGGETmr+n1T6zVb4ry/sT6qbKpruEI6Y3JIacr3LrGlsuF9Nl4FoVY2ADeAhv+tZnKg==",
      "hasInstallScript": true,
      "inBundle": true,
      "dependencies": {
        "@prisma/engines-version": "4.9.0-28.86cd69d2d027037f199d1e32d95a89c0045d9b39"
      },
      "engines": {
        "node": ">=14.17"
      },
      "peerDependencies": {
        "prisma": "*"
      },
      "peerDependenciesMeta": {
        "prisma": {
          "optional": true
        }
      }
    },
    "node_modules/@prisma/engines": {
      "version": "4.9.0-integration-feat-client-ext-generic-type-api.17",
      "resolved": "https://registry.npmjs.org/@prisma/engines/-/engines-4.9.0-integration-feat-client-ext-generic-type-api.17.tgz",
      "integrity": "sha512-RwsMHCundqB8asSFqDd/oD4alS5pmpwVloo/97zKwzkckB4BgId1/DP5PYJKSdxV0KTOFZF5t3OjaP9EnzJzOQ==",
      "hasInstallScript": true,
      "inBundle": true
    },
    "node_modules/@prisma/engines-version": {
      "version": "4.9.0-28.86cd69d2d027037f199d1e32d95a89c0045d9b39",
      "resolved": "https://registry.npmjs.org/@prisma/engines-version/-/engines-version-4.9.0-28.86cd69d2d027037f199d1e32d95a89c0045d9b39.tgz",
      "integrity": "sha512-pBB9zuCwZ3YJwkFCyCDwwNqiOJRiFUpfSPwOSG/x+O6Ue1Brf4GRsevvHGwneG6TbcaraHeVQBjk+gTMui6sFQ==",
      "inBundle": true
    },
    "node_modules/prisma": {
      "version": "4.9.0-integration-feat-client-ext-generic-type-api.17",
      "resolved": "https://registry.npmjs.org/prisma/-/prisma-4.9.0-integration-feat-client-ext-generic-type-api.17.tgz",
      "integrity": "sha512-kMmz3a4t42eZggnJRjnfvOj3nknMMoF4Rogl3OzNiXeC2RD/k/wTkMav4BdZw8hl7pJN09xvyE7QzjT8iZPcdQ==",
      "hasInstallScript": true,
      "inBundle": true,
      "dependencies": {
        "@prisma/engines": "4.9.0-integration-feat-client-ext-generic-type-api.17"
      },
      "bin": {
        "prisma": "build/index.js",
        "prisma2": "build/index.js"
      },
      "engines": {
        "node": ">=14.17"
      }
    },
    "node_modules/typescript": {
      "version": "4.9.4",
      "resolved": "https://registry.npmjs.org/typescript/-/typescript-4.9.4.tgz",
      "integrity": "sha512-Uz+dTXYzxXXbsFpM86Wh3dKCxrQqUcVMxwU54orwlJjOpO3ao8L7j5lH+dWfTwgCwIuM9GQ2kvVotzYJMXTBZg==",
      "bin": {
        "tsc": "bin/tsc",
        "tsserver": "bin/tsserver"
      },
      "engines": {
        "node": ">=4.2.0"
      }
    }
  },
  "dependencies": {
    "@prisma/client": {
      "version": "4.9.0-integration-feat-client-ext-generic-type-api.17",
      "resolved": "https://registry.npmjs.org/@prisma/client/-/client-4.9.0-integration-feat-client-ext-generic-type-api.17.tgz",
      "integrity": "sha512-iy4Hq1++8iDrHB1pMGjnGGETmr+n1T6zVb4ry/sT6qbKpruEI6Y3JIacr3LrGlsuF9Nl4FoVY2ADeAhv+tZnKg==",
      "requires": {
        "@prisma/engines-version": "4.9.0-28.86cd69d2d027037f199d1e32d95a89c0045d9b39"
      }
    },
    "@prisma/engines": {
      "version": "4.9.0-integration-feat-client-ext-generic-type-api.17",
      "resolved": "https://registry.npmjs.org/@prisma/engines/-/engines-4.9.0-integration-feat-client-ext-generic-type-api.17.tgz",
      "integrity": "sha512-RwsMHCundqB8asSFqDd/oD4alS5pmpwVloo/97zKwzkckB4BgId1/DP5PYJKSdxV0KTOFZF5t3OjaP9EnzJzOQ=="
    },
    "@prisma/engines-version": {
      "version": "4.9.0-28.86cd69d2d027037f199d1e32d95a89c0045d9b39",
      "resolved": "https://registry.npmjs.org/@prisma/engines-version/-/engines-version-4.9.0-28.86cd69d2d027037f199d1e32d95a89c0045d9b39.tgz",
      "integrity": "sha512-pBB9zuCwZ3YJwkFCyCDwwNqiOJRiFUpfSPwOSG/x+O6Ue1Brf4GRsevvHGwneG6TbcaraHeVQBjk+gTMui6sFQ=="
    },
    "prisma": {
      "version": "4.9.0-integration-feat-client-ext-generic-type-api.17",
      "resolved": "https://registry.npmjs.org/prisma/-/prisma-4.9.0-integration-feat-client-ext-generic-type-api.17.tgz",
      "integrity": "sha512-kMmz3a4t42eZggnJRjnfvOj3nknMMoF4Rogl3OzNiXeC2RD/k/wTkMav4BdZw8hl7pJN09xvyE7QzjT8iZPcdQ==",
      "requires": {
        "@prisma/engines": "4.9.0-integration-feat-client-ext-generic-type-api.17"
      }
    },
    "typescript": {
      "version": "4.9.4",
      "resolved": "https://registry.npmjs.org/typescript/-/typescript-4.9.4.tgz",
      "integrity": "sha512-Uz+dTXYzxXXbsFpM86Wh3dKCxrQqUcVMxwU54orwlJjOpO3ao8L7j5lH+dWfTwgCwIuM9GQ2kvVotzYJMXTBZg=="
    }
  }
}
